// !$*UTF8*$!
{
	archiveVersion = 1;
	classes = {
	};
	objectVersion = 46;
	objects = {

/* Begin PBXBuildFile section */
		2717EDCA1CA0AF8F00C9CA29 /* GetRealtimeInfoRequest.swift in Sources */ = {isa = PBXBuildFile; fileRef = 2717EDC91CA0AF8F00C9CA29 /* GetRealtimeInfoRequest.swift */; };
		2717EDCC1CA0B00F00C9CA29 /* Tram.swift in Sources */ = {isa = PBXBuildFile; fileRef = 2717EDCB1CA0B00F00C9CA29 /* Tram.swift */; };
		272DC88E1C8762ED0018490A /* Stop.swift in Sources */ = {isa = PBXBuildFile; fileRef = 272DC88D1C8762ED0018490A /* Stop.swift */; };
		272DC8901C8764C40018490A /* GetRoutesRequest.swift in Sources */ = {isa = PBXBuildFile; fileRef = 272DC88F1C8764C40018490A /* GetRoutesRequest.swift */; };
		2762C1EE1C8647CF003631D1 /* Response.swift in Sources */ = {isa = PBXBuildFile; fileRef = 2762C1ED1C8647CF003631D1 /* Response.swift */; };
		276C21E71C87749500A02F28 /* Route.swift in Sources */ = {isa = PBXBuildFile; fileRef = 276C21E61C87749500A02F28 /* Route.swift */; };
		27B5D6961C84FAC90029280E /* Decodable.framework in Frameworks */ = {isa = PBXBuildFile; fileRef = 27B5D6951C84FAC90029280E /* Decodable.framework */; };
		27B5D6991C84FCFD0029280E /* Alamofire.framework in Frameworks */ = {isa = PBXBuildFile; fileRef = 27B5D6931C84FABD0029280E /* Alamofire.framework */; };
		27B5D6A61C84FDAE0029280E /* LuasLifeKit.h in Headers */ = {isa = PBXBuildFile; fileRef = 27B5D6A51C84FDAE0029280E /* LuasLifeKit.h */; settings = {ATTRIBUTES = (Public, ); }; };
		27B5D6AD1C84FDAE0029280E /* LuasLifeKit.framework in Frameworks */ = {isa = PBXBuildFile; fileRef = 27B5D6A31C84FDAE0029280E /* LuasLifeKit.framework */; };
		27B5D6B41C84FDAE0029280E /* LuasLifeKitTests.swift in Sources */ = {isa = PBXBuildFile; fileRef = 27B5D6B31C84FDAE0029280E /* LuasLifeKitTests.swift */; };
		27B5D6B81C84FDAE0029280E /* LuasLifeKit.framework in Frameworks */ = {isa = PBXBuildFile; fileRef = 27B5D6A31C84FDAE0029280E /* LuasLifeKit.framework */; };
		27B5D6B91C84FDAE0029280E /* LuasLifeKit.framework in Embed Frameworks */ = {isa = PBXBuildFile; fileRef = 27B5D6A31C84FDAE0029280E /* LuasLifeKit.framework */; settings = {ATTRIBUTES = (CodeSignOnCopy, RemoveHeadersOnCopy, ); }; };
		27B5D6C21C84FDEA0029280E /* Result.swift in Sources */ = {isa = PBXBuildFile; fileRef = 27B5D6C11C84FDEA0029280E /* Result.swift */; };
		27B5D6C41C84FE020029280E /* ErrorTypes.swift in Sources */ = {isa = PBXBuildFile; fileRef = 27B5D6C31C84FE020029280E /* ErrorTypes.swift */; };
		27B5D6C71C84FED70029280E /* GetLinesRequest.swift in Sources */ = {isa = PBXBuildFile; fileRef = 27B5D6C61C84FED70029280E /* GetLinesRequest.swift */; };
		27D0A0731CE3C6E3002CA9D6 /* RealTimeInfoViewController.swift in Sources */ = {isa = PBXBuildFile; fileRef = 27D0A0721CE3C6E3002CA9D6 /* RealTimeInfoViewController.swift */; };
		27D21AC41CE528BF0084438B /* StopPickerViewControllerTableViewController.swift in Sources */ = {isa = PBXBuildFile; fileRef = 27D21AC31CE528BF0084438B /* StopPickerViewControllerTableViewController.swift */; };
		27D6F7001C84FF590082963B /* Alamofire.framework in Frameworks */ = {isa = PBXBuildFile; fileRef = 27B5D6931C84FABD0029280E /* Alamofire.framework */; };
		27D6F7011C84FF5B0082963B /* Decodable.framework in Frameworks */ = {isa = PBXBuildFile; fileRef = 27B5D6951C84FAC90029280E /* Decodable.framework */; };
		27E254CB1C8225AD00CFC5AD /* AppDelegate.swift in Sources */ = {isa = PBXBuildFile; fileRef = 27E254CA1C8225AD00CFC5AD /* AppDelegate.swift */; };
		27E254CD1C8225AD00CFC5AD /* FirstViewController.swift in Sources */ = {isa = PBXBuildFile; fileRef = 27E254CC1C8225AD00CFC5AD /* FirstViewController.swift */; };
		27E254CF1C8225AD00CFC5AD /* SecondViewController.swift in Sources */ = {isa = PBXBuildFile; fileRef = 27E254CE1C8225AD00CFC5AD /* SecondViewController.swift */; };
		27E254D21C8225AD00CFC5AD /* Main.storyboard in Resources */ = {isa = PBXBuildFile; fileRef = 27E254D01C8225AD00CFC5AD /* Main.storyboard */; };
		27E254D41C8225AD00CFC5AD /* Assets.xcassets in Resources */ = {isa = PBXBuildFile; fileRef = 27E254D31C8225AD00CFC5AD /* Assets.xcassets */; };
		27E254D71C8225AD00CFC5AD /* LaunchScreen.storyboard in Resources */ = {isa = PBXBuildFile; fileRef = 27E254D51C8225AD00CFC5AD /* LaunchScreen.storyboard */; };
		27E254E21C8225AD00CFC5AD /* LuasLifeUITests.swift in Sources */ = {isa = PBXBuildFile; fileRef = 27E254E11C8225AD00CFC5AD /* LuasLifeUITests.swift */; };
		27F6E1761C8500BE00BE43C5 /* Line.swift in Sources */ = {isa = PBXBuildFile; fileRef = 27F6E1751C8500BE00BE43C5 /* Line.swift */; };
/* End PBXBuildFile section */

/* Begin PBXContainerItemProxy section */
		27B5D6AE1C84FDAE0029280E /* PBXContainerItemProxy */ = {
			isa = PBXContainerItemProxy;
			containerPortal = 27E254BF1C8225AD00CFC5AD /* Project object */;
			proxyType = 1;
			remoteGlobalIDString = 27B5D6A21C84FDAE0029280E;
			remoteInfo = LuasLifeKit;
		};
		27B5D6B01C84FDAE0029280E /* PBXContainerItemProxy */ = {
			isa = PBXContainerItemProxy;
			containerPortal = 27E254BF1C8225AD00CFC5AD /* Project object */;
			proxyType = 1;
			remoteGlobalIDString = 27E254C61C8225AD00CFC5AD;
			remoteInfo = LuasLife;
		};
		27B5D6B61C84FDAE0029280E /* PBXContainerItemProxy */ = {
			isa = PBXContainerItemProxy;
			containerPortal = 27E254BF1C8225AD00CFC5AD /* Project object */;
			proxyType = 1;
			remoteGlobalIDString = 27B5D6A21C84FDAE0029280E;
			remoteInfo = LuasLifeKit;
		};
		27E254DE1C8225AD00CFC5AD /* PBXContainerItemProxy */ = {
			isa = PBXContainerItemProxy;
			containerPortal = 27E254BF1C8225AD00CFC5AD /* Project object */;
			proxyType = 1;
			remoteGlobalIDString = 27E254C61C8225AD00CFC5AD;
			remoteInfo = LuasLife;
		};
/* End PBXContainerItemProxy section */

/* Begin PBXCopyFilesBuildPhase section */
		27B5D6BD1C84FDAE0029280E /* Embed Frameworks */ = {
			isa = PBXCopyFilesBuildPhase;
			buildActionMask = 2147483647;
			dstPath = "";
			dstSubfolderSpec = 10;
			files = (
				27B5D6B91C84FDAE0029280E /* LuasLifeKit.framework in Embed Frameworks */,
			);
			name = "Embed Frameworks";
			runOnlyForDeploymentPostprocessing = 0;
		};
/* End PBXCopyFilesBuildPhase section */

/* Begin PBXFileReference section */
		2717EDC91CA0AF8F00C9CA29 /* GetRealtimeInfoRequest.swift */ = {isa = PBXFileReference; fileEncoding = 4; lastKnownFileType = sourcecode.swift; path = GetRealtimeInfoRequest.swift; sourceTree = "<group>"; };
		2717EDCB1CA0B00F00C9CA29 /* Tram.swift */ = {isa = PBXFileReference; fileEncoding = 4; lastKnownFileType = sourcecode.swift; path = Tram.swift; sourceTree = "<group>"; };
		272DC88D1C8762ED0018490A /* Stop.swift */ = {isa = PBXFileReference; fileEncoding = 4; lastKnownFileType = sourcecode.swift; path = Stop.swift; sourceTree = "<group>"; };
		272DC88F1C8764C40018490A /* GetRoutesRequest.swift */ = {isa = PBXFileReference; fileEncoding = 4; lastKnownFileType = sourcecode.swift; path = GetRoutesRequest.swift; sourceTree = "<group>"; };
		2762C1ED1C8647CF003631D1 /* Response.swift */ = {isa = PBXFileReference; fileEncoding = 4; lastKnownFileType = sourcecode.swift; path = Response.swift; sourceTree = "<group>"; };
		276C21E61C87749500A02F28 /* Route.swift */ = {isa = PBXFileReference; fileEncoding = 4; lastKnownFileType = sourcecode.swift; path = Route.swift; sourceTree = "<group>"; };
		27B5D6931C84FABD0029280E /* Alamofire.framework */ = {isa = PBXFileReference; lastKnownFileType = wrapper.framework; name = Alamofire.framework; path = Carthage/Build/iOS/Alamofire.framework; sourceTree = "<group>"; };
		27B5D6951C84FAC90029280E /* Decodable.framework */ = {isa = PBXFileReference; lastKnownFileType = wrapper.framework; name = Decodable.framework; path = Carthage/Build/iOS/Decodable.framework; sourceTree = "<group>"; };
		27B5D6A31C84FDAE0029280E /* LuasLifeKit.framework */ = {isa = PBXFileReference; explicitFileType = wrapper.framework; includeInIndex = 0; path = LuasLifeKit.framework; sourceTree = BUILT_PRODUCTS_DIR; };
		27B5D6A51C84FDAE0029280E /* LuasLifeKit.h */ = {isa = PBXFileReference; lastKnownFileType = sourcecode.c.h; path = LuasLifeKit.h; sourceTree = "<group>"; };
		27B5D6A71C84FDAE0029280E /* Info.plist */ = {isa = PBXFileReference; lastKnownFileType = text.plist.xml; path = Info.plist; sourceTree = "<group>"; };
		27B5D6AC1C84FDAE0029280E /* LuasLifeKitTests.xctest */ = {isa = PBXFileReference; explicitFileType = wrapper.cfbundle; includeInIndex = 0; path = LuasLifeKitTests.xctest; sourceTree = BUILT_PRODUCTS_DIR; };
		27B5D6B31C84FDAE0029280E /* LuasLifeKitTests.swift */ = {isa = PBXFileReference; lastKnownFileType = sourcecode.swift; path = LuasLifeKitTests.swift; sourceTree = "<group>"; };
		27B5D6B51C84FDAE0029280E /* Info.plist */ = {isa = PBXFileReference; lastKnownFileType = text.plist.xml; path = Info.plist; sourceTree = "<group>"; };
		27B5D6C11C84FDEA0029280E /* Result.swift */ = {isa = PBXFileReference; fileEncoding = 4; lastKnownFileType = sourcecode.swift; path = Result.swift; sourceTree = "<group>"; };
		27B5D6C31C84FE020029280E /* ErrorTypes.swift */ = {isa = PBXFileReference; fileEncoding = 4; lastKnownFileType = sourcecode.swift; path = ErrorTypes.swift; sourceTree = "<group>"; };
		27B5D6C61C84FED70029280E /* GetLinesRequest.swift */ = {isa = PBXFileReference; fileEncoding = 4; lastKnownFileType = sourcecode.swift; path = GetLinesRequest.swift; sourceTree = "<group>"; };
		27D0A0721CE3C6E3002CA9D6 /* RealTimeInfoViewController.swift */ = {isa = PBXFileReference; fileEncoding = 4; lastKnownFileType = sourcecode.swift; path = RealTimeInfoViewController.swift; sourceTree = "<group>"; };
		27D21AC31CE528BF0084438B /* StopPickerViewControllerTableViewController.swift */ = {isa = PBXFileReference; fileEncoding = 4; lastKnownFileType = sourcecode.swift; path = StopPickerViewControllerTableViewController.swift; sourceTree = "<group>"; };
		27E254C71C8225AD00CFC5AD /* LuasLife.app */ = {isa = PBXFileReference; explicitFileType = wrapper.application; includeInIndex = 0; path = LuasLife.app; sourceTree = BUILT_PRODUCTS_DIR; };
		27E254CA1C8225AD00CFC5AD /* AppDelegate.swift */ = {isa = PBXFileReference; lastKnownFileType = sourcecode.swift; path = AppDelegate.swift; sourceTree = "<group>"; };
		27E254CC1C8225AD00CFC5AD /* FirstViewController.swift */ = {isa = PBXFileReference; lastKnownFileType = sourcecode.swift; path = FirstViewController.swift; sourceTree = "<group>"; };
		27E254CE1C8225AD00CFC5AD /* SecondViewController.swift */ = {isa = PBXFileReference; lastKnownFileType = sourcecode.swift; path = SecondViewController.swift; sourceTree = "<group>"; };
		27E254D11C8225AD00CFC5AD /* Base */ = {isa = PBXFileReference; lastKnownFileType = file.storyboard; name = Base; path = Base.lproj/Main.storyboard; sourceTree = "<group>"; };
		27E254D31C8225AD00CFC5AD /* Assets.xcassets */ = {isa = PBXFileReference; lastKnownFileType = folder.assetcatalog; path = Assets.xcassets; sourceTree = "<group>"; };
		27E254D61C8225AD00CFC5AD /* Base */ = {isa = PBXFileReference; lastKnownFileType = file.storyboard; name = Base; path = Base.lproj/LaunchScreen.storyboard; sourceTree = "<group>"; };
		27E254D81C8225AD00CFC5AD /* Info.plist */ = {isa = PBXFileReference; lastKnownFileType = text.plist.xml; path = Info.plist; sourceTree = "<group>"; };
		27E254DD1C8225AD00CFC5AD /* LuasLifeUITests.xctest */ = {isa = PBXFileReference; explicitFileType = wrapper.cfbundle; includeInIndex = 0; path = LuasLifeUITests.xctest; sourceTree = BUILT_PRODUCTS_DIR; };
		27E254E11C8225AD00CFC5AD /* LuasLifeUITests.swift */ = {isa = PBXFileReference; lastKnownFileType = sourcecode.swift; path = LuasLifeUITests.swift; sourceTree = "<group>"; };
		27E254E31C8225AD00CFC5AD /* Info.plist */ = {isa = PBXFileReference; lastKnownFileType = text.plist.xml; path = Info.plist; sourceTree = "<group>"; };
		27F6E1751C8500BE00BE43C5 /* Line.swift */ = {isa = PBXFileReference; fileEncoding = 4; lastKnownFileType = sourcecode.swift; path = Line.swift; sourceTree = "<group>"; };
/* End PBXFileReference section */

/* Begin PBXFrameworksBuildPhase section */
		27B5D69F1C84FDAE0029280E /* Frameworks */ = {
			isa = PBXFrameworksBuildPhase;
			buildActionMask = 2147483647;
			files = (
				27D6F7001C84FF590082963B /* Alamofire.framework in Frameworks */,
				27D6F7011C84FF5B0082963B /* Decodable.framework in Frameworks */,
			);
			runOnlyForDeploymentPostprocessing = 0;
		};
		27B5D6A91C84FDAE0029280E /* Frameworks */ = {
			isa = PBXFrameworksBuildPhase;
			buildActionMask = 2147483647;
			files = (
				27B5D6AD1C84FDAE0029280E /* LuasLifeKit.framework in Frameworks */,
			);
			runOnlyForDeploymentPostprocessing = 0;
		};
		27E254C41C8225AD00CFC5AD /* Frameworks */ = {
			isa = PBXFrameworksBuildPhase;
			buildActionMask = 2147483647;
			files = (
				27B5D6B81C84FDAE0029280E /* LuasLifeKit.framework in Frameworks */,
				27B5D6961C84FAC90029280E /* Decodable.framework in Frameworks */,
				27B5D6991C84FCFD0029280E /* Alamofire.framework in Frameworks */,
			);
			runOnlyForDeploymentPostprocessing = 0;
		};
		27E254DA1C8225AD00CFC5AD /* Frameworks */ = {
			isa = PBXFrameworksBuildPhase;
			buildActionMask = 2147483647;
			files = (
			);
			runOnlyForDeploymentPostprocessing = 0;
		};
/* End PBXFrameworksBuildPhase section */

/* Begin PBXGroup section */
		27B5D6921C84FA6E0029280E /* Frameworks */ = {
			isa = PBXGroup;
			children = (
				27B5D6931C84FABD0029280E /* Alamofire.framework */,
				27B5D6951C84FAC90029280E /* Decodable.framework */,
			);
			name = Frameworks;
			sourceTree = "<group>";
		};
		27B5D6A41C84FDAE0029280E /* LuasLifeKit */ = {
			isa = PBXGroup;
			children = (
				27F6E1741C8500B100BE43C5 /* Models */,
				27B5D6C51C84FE1A0029280E /* Requests */,
				27B5D6C11C84FDEA0029280E /* Result.swift */,
				27B5D6C31C84FE020029280E /* ErrorTypes.swift */,
				27B5D6A51C84FDAE0029280E /* LuasLifeKit.h */,
				27B5D6A71C84FDAE0029280E /* Info.plist */,
			);
			path = LuasLifeKit;
			sourceTree = "<group>";
		};
		27B5D6B21C84FDAE0029280E /* LuasLifeKitTests */ = {
			isa = PBXGroup;
			children = (
				27B5D6B31C84FDAE0029280E /* LuasLifeKitTests.swift */,
				27B5D6B51C84FDAE0029280E /* Info.plist */,
			);
			path = LuasLifeKitTests;
			sourceTree = "<group>";
		};
		27B5D6C51C84FE1A0029280E /* Requests */ = {
			isa = PBXGroup;
			children = (
				27B5D6C61C84FED70029280E /* GetLinesRequest.swift */,
				272DC88F1C8764C40018490A /* GetRoutesRequest.swift */,
				2717EDC91CA0AF8F00C9CA29 /* GetRealtimeInfoRequest.swift */,
			);
			name = Requests;
			sourceTree = "<group>";
		};
		27E254BE1C8225AD00CFC5AD = {
			isa = PBXGroup;
			children = (
				27E254C91C8225AD00CFC5AD /* LuasLife */,
				27E254E01C8225AD00CFC5AD /* LuasLifeUITests */,
				27B5D6A41C84FDAE0029280E /* LuasLifeKit */,
				27B5D6B21C84FDAE0029280E /* LuasLifeKitTests */,
				27E254C81C8225AD00CFC5AD /* Products */,
				27B5D6921C84FA6E0029280E /* Frameworks */,
			);
			sourceTree = "<group>";
		};
		27E254C81C8225AD00CFC5AD /* Products */ = {
			isa = PBXGroup;
			children = (
				27E254C71C8225AD00CFC5AD /* LuasLife.app */,
				27E254DD1C8225AD00CFC5AD /* LuasLifeUITests.xctest */,
				27B5D6A31C84FDAE0029280E /* LuasLifeKit.framework */,
				27B5D6AC1C84FDAE0029280E /* LuasLifeKitTests.xctest */,
			);
			name = Products;
			sourceTree = "<group>";
		};
		27E254C91C8225AD00CFC5AD /* LuasLife */ = {
			isa = PBXGroup;
			children = (
				27E254CA1C8225AD00CFC5AD /* AppDelegate.swift */,
				27E254CC1C8225AD00CFC5AD /* FirstViewController.swift */,
				27E254CE1C8225AD00CFC5AD /* SecondViewController.swift */,
				27D0A0721CE3C6E3002CA9D6 /* RealTimeInfoViewController.swift */,
				27D21AC31CE528BF0084438B /* StopPickerViewControllerTableViewController.swift */,
				27E254D01C8225AD00CFC5AD /* Main.storyboard */,
				27E254D31C8225AD00CFC5AD /* Assets.xcassets */,
				27E254D51C8225AD00CFC5AD /* LaunchScreen.storyboard */,
				27E254D81C8225AD00CFC5AD /* Info.plist */,
			);
			path = LuasLife;
			sourceTree = "<group>";
		};
		27E254E01C8225AD00CFC5AD /* LuasLifeUITests */ = {
			isa = PBXGroup;
			children = (
				27E254E11C8225AD00CFC5AD /* LuasLifeUITests.swift */,
				27E254E31C8225AD00CFC5AD /* Info.plist */,
			);
			path = LuasLifeUITests;
			sourceTree = "<group>";
		};
		27F6E1741C8500B100BE43C5 /* Models */ = {
			isa = PBXGroup;
			children = (
				27F6E1751C8500BE00BE43C5 /* Line.swift */,
				276C21E61C87749500A02F28 /* Route.swift */,
				2762C1ED1C8647CF003631D1 /* Response.swift */,
				272DC88D1C8762ED0018490A /* Stop.swift */,
				2717EDCB1CA0B00F00C9CA29 /* Tram.swift */,
			);
			name = Models;
			sourceTree = "<group>";
		};
/* End PBXGroup section */

/* Begin PBXHeadersBuildPhase section */
		27B5D6A01C84FDAE0029280E /* Headers */ = {
			isa = PBXHeadersBuildPhase;
			buildActionMask = 2147483647;
			files = (
				27B5D6A61C84FDAE0029280E /* LuasLifeKit.h in Headers */,
			);
			runOnlyForDeploymentPostprocessing = 0;
		};
/* End PBXHeadersBuildPhase section */

/* Begin PBXNativeTarget section */
		27B5D6A21C84FDAE0029280E /* LuasLifeKit */ = {
			isa = PBXNativeTarget;
			buildConfigurationList = 27B5D6BA1C84FDAE0029280E /* Build configuration list for PBXNativeTarget "LuasLifeKit" */;
			buildPhases = (
				27B5D69E1C84FDAE0029280E /* Sources */,
				27B5D69F1C84FDAE0029280E /* Frameworks */,
				27B5D6A01C84FDAE0029280E /* Headers */,
				27B5D6A11C84FDAE0029280E /* Resources */,
			);
			buildRules = (
			);
			dependencies = (
			);
			name = LuasLifeKit;
			productName = LuasLifeKit;
			productReference = 27B5D6A31C84FDAE0029280E /* LuasLifeKit.framework */;
			productType = "com.apple.product-type.framework";
		};
		27B5D6AB1C84FDAE0029280E /* LuasLifeKitTests */ = {
			isa = PBXNativeTarget;
			buildConfigurationList = 27B5D6BE1C84FDAE0029280E /* Build configuration list for PBXNativeTarget "LuasLifeKitTests" */;
			buildPhases = (
				27B5D6A81C84FDAE0029280E /* Sources */,
				27B5D6A91C84FDAE0029280E /* Frameworks */,
				27B5D6AA1C84FDAE0029280E /* Resources */,
			);
			buildRules = (
			);
			dependencies = (
				27B5D6AF1C84FDAE0029280E /* PBXTargetDependency */,
				27B5D6B11C84FDAE0029280E /* PBXTargetDependency */,
			);
			name = LuasLifeKitTests;
			productName = LuasLifeKitTests;
			productReference = 27B5D6AC1C84FDAE0029280E /* LuasLifeKitTests.xctest */;
			productType = "com.apple.product-type.bundle.unit-test";
		};
		27E254C61C8225AD00CFC5AD /* LuasLife */ = {
			isa = PBXNativeTarget;
			buildConfigurationList = 27E254E61C8225AD00CFC5AD /* Build configuration list for PBXNativeTarget "LuasLife" */;
			buildPhases = (
				27E254C31C8225AD00CFC5AD /* Sources */,
				27E254C41C8225AD00CFC5AD /* Frameworks */,
				27E254C51C8225AD00CFC5AD /* Resources */,
				27B5D6981C84FB4C0029280E /* Carthage */,
				27B5D6BD1C84FDAE0029280E /* Embed Frameworks */,
			);
			buildRules = (
			);
			dependencies = (
				27B5D6B71C84FDAE0029280E /* PBXTargetDependency */,
			);
			name = LuasLife;
			productName = LuasLife;
			productReference = 27E254C71C8225AD00CFC5AD /* LuasLife.app */;
			productType = "com.apple.product-type.application";
		};
		27E254DC1C8225AD00CFC5AD /* LuasLifeUITests */ = {
			isa = PBXNativeTarget;
			buildConfigurationList = 27E254E91C8225AD00CFC5AD /* Build configuration list for PBXNativeTarget "LuasLifeUITests" */;
			buildPhases = (
				27E254D91C8225AD00CFC5AD /* Sources */,
				27E254DA1C8225AD00CFC5AD /* Frameworks */,
				27E254DB1C8225AD00CFC5AD /* Resources */,
			);
			buildRules = (
			);
			dependencies = (
				27E254DF1C8225AD00CFC5AD /* PBXTargetDependency */,
			);
			name = LuasLifeUITests;
			productName = LuasLifeUITests;
			productReference = 27E254DD1C8225AD00CFC5AD /* LuasLifeUITests.xctest */;
			productType = "com.apple.product-type.bundle.ui-testing";
		};
/* End PBXNativeTarget section */

/* Begin PBXProject section */
		27E254BF1C8225AD00CFC5AD /* Project object */ = {
			isa = PBXProject;
			attributes = {
				LastSwiftUpdateCheck = 0720;
				LastUpgradeCheck = 0720;
				ORGANIZATIONNAME = "Peter Lafferty";
				TargetAttributes = {
					27B5D6A21C84FDAE0029280E = {
						CreatedOnToolsVersion = 7.2.1;
						DevelopmentTeam = DM9UPCM3N4;
					};
					27B5D6AB1C84FDAE0029280E = {
						CreatedOnToolsVersion = 7.2.1;
						TestTargetID = 27E254C61C8225AD00CFC5AD;
					};
					27E254C61C8225AD00CFC5AD = {
						CreatedOnToolsVersion = 7.2.1;
						DevelopmentTeam = DM9UPCM3N4;
					};
					27E254DC1C8225AD00CFC5AD = {
						CreatedOnToolsVersion = 7.2.1;
						TestTargetID = 27E254C61C8225AD00CFC5AD;
					};
				};
			};
			buildConfigurationList = 27E254C21C8225AD00CFC5AD /* Build configuration list for PBXProject "LuasLife" */;
			compatibilityVersion = "Xcode 3.2";
			developmentRegion = English;
			hasScannedForEncodings = 0;
			knownRegions = (
				en,
				Base,
			);
			mainGroup = 27E254BE1C8225AD00CFC5AD;
			productRefGroup = 27E254C81C8225AD00CFC5AD /* Products */;
			projectDirPath = "";
			projectRoot = "";
			targets = (
				27E254C61C8225AD00CFC5AD /* LuasLife */,
				27E254DC1C8225AD00CFC5AD /* LuasLifeUITests */,
				27B5D6A21C84FDAE0029280E /* LuasLifeKit */,
				27B5D6AB1C84FDAE0029280E /* LuasLifeKitTests */,
			);
		};
/* End PBXProject section */

/* Begin PBXResourcesBuildPhase section */
		27B5D6A11C84FDAE0029280E /* Resources */ = {
			isa = PBXResourcesBuildPhase;
			buildActionMask = 2147483647;
			files = (
			);
			runOnlyForDeploymentPostprocessing = 0;
		};
		27B5D6AA1C84FDAE0029280E /* Resources */ = {
			isa = PBXResourcesBuildPhase;
			buildActionMask = 2147483647;
			files = (
			);
			runOnlyForDeploymentPostprocessing = 0;
		};
		27E254C51C8225AD00CFC5AD /* Resources */ = {
			isa = PBXResourcesBuildPhase;
			buildActionMask = 2147483647;
			files = (
				27E254D71C8225AD00CFC5AD /* LaunchScreen.storyboard in Resources */,
				27E254D41C8225AD00CFC5AD /* Assets.xcassets in Resources */,
				27E254D21C8225AD00CFC5AD /* Main.storyboard in Resources */,
			);
			runOnlyForDeploymentPostprocessing = 0;
		};
		27E254DB1C8225AD00CFC5AD /* Resources */ = {
			isa = PBXResourcesBuildPhase;
			buildActionMask = 2147483647;
			files = (
			);
			runOnlyForDeploymentPostprocessing = 0;
		};
/* End PBXResourcesBuildPhase section */

/* Begin PBXShellScriptBuildPhase section */
		27B5D6981C84FB4C0029280E /* Carthage */ = {
			isa = PBXShellScriptBuildPhase;
			buildActionMask = 2147483647;
			files = (
			);
			inputPaths = (
				"$(SRCROOT)/Carthage/Build/iOS/Alamofire.framework",
				"$(SRCROOT)/Carthage/Build/iOS/Decodable.framework",
			);
			name = Carthage;
			outputPaths = (
			);
			runOnlyForDeploymentPostprocessing = 0;
			shellPath = /bin/sh;
			shellScript = "/usr/local/bin/carthage copy-frameworks";
		};
/* End PBXShellScriptBuildPhase section */

/* Begin PBXSourcesBuildPhase section */
		27B5D69E1C84FDAE0029280E /* Sources */ = {
			isa = PBXSourcesBuildPhase;
			buildActionMask = 2147483647;
			files = (
				27B5D6C41C84FE020029280E /* ErrorTypes.swift in Sources */,
				272DC8901C8764C40018490A /* GetRoutesRequest.swift in Sources */,
				27F6E1761C8500BE00BE43C5 /* Line.swift in Sources */,
				27B5D6C71C84FED70029280E /* GetLinesRequest.swift in Sources */,
				27B5D6C21C84FDEA0029280E /* Result.swift in Sources */,
				2717EDCC1CA0B00F00C9CA29 /* Tram.swift in Sources */,
				276C21E71C87749500A02F28 /* Route.swift in Sources */,
				2762C1EE1C8647CF003631D1 /* Response.swift in Sources */,
				272DC88E1C8762ED0018490A /* Stop.swift in Sources */,
				2717EDCA1CA0AF8F00C9CA29 /* GetRealtimeInfoRequest.swift in Sources */,
			);
			runOnlyForDeploymentPostprocessing = 0;
		};
		27B5D6A81C84FDAE0029280E /* Sources */ = {
			isa = PBXSourcesBuildPhase;
			buildActionMask = 2147483647;
			files = (
				27B5D6B41C84FDAE0029280E /* LuasLifeKitTests.swift in Sources */,
			);
			runOnlyForDeploymentPostprocessing = 0;
		};
		27E254C31C8225AD00CFC5AD /* Sources */ = {
			isa = PBXSourcesBuildPhase;
			buildActionMask = 2147483647;
			files = (
				27E254CF1C8225AD00CFC5AD /* SecondViewController.swift in Sources */,
				27E254CB1C8225AD00CFC5AD /* AppDelegate.swift in Sources */,
				27D21AC41CE528BF0084438B /* StopPickerViewControllerTableViewController.swift in Sources */,
				27D0A0731CE3C6E3002CA9D6 /* RealTimeInfoViewController.swift in Sources */,
				27E254CD1C8225AD00CFC5AD /* FirstViewController.swift in Sources */,
			);
			runOnlyForDeploymentPostprocessing = 0;
		};
		27E254D91C8225AD00CFC5AD /* Sources */ = {
			isa = PBXSourcesBuildPhase;
			buildActionMask = 2147483647;
			files = (
				27E254E21C8225AD00CFC5AD /* LuasLifeUITests.swift in Sources */,
			);
			runOnlyForDeploymentPostprocessing = 0;
		};
/* End PBXSourcesBuildPhase section */

/* Begin PBXTargetDependency section */
		27B5D6AF1C84FDAE0029280E /* PBXTargetDependency */ = {
			isa = PBXTargetDependency;
			target = 27B5D6A21C84FDAE0029280E /* LuasLifeKit */;
			targetProxy = 27B5D6AE1C84FDAE0029280E /* PBXContainerItemProxy */;
		};
		27B5D6B11C84FDAE0029280E /* PBXTargetDependency */ = {
			isa = PBXTargetDependency;
			target = 27E254C61C8225AD00CFC5AD /* LuasLife */;
			targetProxy = 27B5D6B01C84FDAE0029280E /* PBXContainerItemProxy */;
		};
		27B5D6B71C84FDAE0029280E /* PBXTargetDependency */ = {
			isa = PBXTargetDependency;
			target = 27B5D6A21C84FDAE0029280E /* LuasLifeKit */;
			targetProxy = 27B5D6B61C84FDAE0029280E /* PBXContainerItemProxy */;
		};
		27E254DF1C8225AD00CFC5AD /* PBXTargetDependency */ = {
			isa = PBXTargetDependency;
			target = 27E254C61C8225AD00CFC5AD /* LuasLife */;
			targetProxy = 27E254DE1C8225AD00CFC5AD /* PBXContainerItemProxy */;
		};
/* End PBXTargetDependency section */

/* Begin PBXVariantGroup section */
		27E254D01C8225AD00CFC5AD /* Main.storyboard */ = {
			isa = PBXVariantGroup;
			children = (
				27E254D11C8225AD00CFC5AD /* Base */,
			);
			name = Main.storyboard;
			sourceTree = "<group>";
		};
		27E254D51C8225AD00CFC5AD /* LaunchScreen.storyboard */ = {
			isa = PBXVariantGroup;
			children = (
				27E254D61C8225AD00CFC5AD /* Base */,
			);
			name = LaunchScreen.storyboard;
			sourceTree = "<group>";
		};
/* End PBXVariantGroup section */

/* Begin XCBuildConfiguration section */
		27B5D6BB1C84FDAE0029280E /* Debug */ = {
			isa = XCBuildConfiguration;
			buildSettings = {
				CLANG_ENABLE_MODULES = YES;
				CODE_SIGN_IDENTITY = "iPhone Developer";
				CURRENT_PROJECT_VERSION = 1;
				DEFINES_MODULE = YES;
				DYLIB_COMPATIBILITY_VERSION = 1;
				DYLIB_CURRENT_VERSION = 1;
				DYLIB_INSTALL_NAME_BASE = "@rpath";
				FRAMEWORK_SEARCH_PATHS = (
					"$(inherited)",
					"$(PROJECT_DIR)/Carthage/Build/iOS",
				);
				INFOPLIST_FILE = LuasLifeKit/Info.plist;
				INSTALL_PATH = "$(LOCAL_LIBRARY_DIR)/Frameworks";
				LD_RUNPATH_SEARCH_PATHS = "$(inherited) @executable_path/Frameworks @loader_path/Frameworks";
				PRODUCT_BUNDLE_IDENTIFIER = com.peterlafferty.LuasLifeKit;
				PRODUCT_NAME = "$(TARGET_NAME)";
				SKIP_INSTALL = YES;
				SWIFT_OPTIMIZATION_LEVEL = "-Onone";
				VERSIONING_SYSTEM = "apple-generic";
				VERSION_INFO_PREFIX = "";
			};
			name = Debug;
		};
		27B5D6BC1C84FDAE0029280E /* Release */ = {
			isa = XCBuildConfiguration;
			buildSettings = {
				CLANG_ENABLE_MODULES = YES;
				CODE_SIGN_IDENTITY = "iPhone Developer";
				CURRENT_PROJECT_VERSION = 1;
				DEFINES_MODULE = YES;
				DYLIB_COMPATIBILITY_VERSION = 1;
				DYLIB_CURRENT_VERSION = 1;
				DYLIB_INSTALL_NAME_BASE = "@rpath";
				FRAMEWORK_SEARCH_PATHS = (
					"$(inherited)",
					"$(PROJECT_DIR)/Carthage/Build/iOS",
				);
				INFOPLIST_FILE = LuasLifeKit/Info.plist;
				INSTALL_PATH = "$(LOCAL_LIBRARY_DIR)/Frameworks";
				LD_RUNPATH_SEARCH_PATHS = "$(inherited) @executable_path/Frameworks @loader_path/Frameworks";
				PRODUCT_BUNDLE_IDENTIFIER = com.peterlafferty.LuasLifeKit;
				PRODUCT_NAME = "$(TARGET_NAME)";
				SKIP_INSTALL = YES;
				VERSIONING_SYSTEM = "apple-generic";
				VERSION_INFO_PREFIX = "";
			};
			name = Release;
		};
		27B5D6BF1C84FDAE0029280E /* Debug */ = {
			isa = XCBuildConfiguration;
			buildSettings = {
				INFOPLIST_FILE = LuasLifeKitTests/Info.plist;
				LD_RUNPATH_SEARCH_PATHS = "$(inherited) @executable_path/Frameworks @loader_path/Frameworks";
				PRODUCT_BUNDLE_IDENTIFIER = com.peterlafferty.LuasLifeKitTests;
				PRODUCT_NAME = "$(TARGET_NAME)";
				TEST_HOST = "$(BUILT_PRODUCTS_DIR)/LuasLife.app/LuasLife";
			};
			name = Debug;
		};
		27B5D6C01C84FDAE0029280E /* Release */ = {
			isa = XCBuildConfiguration;
			buildSettings = {
				INFOPLIST_FILE = LuasLifeKitTests/Info.plist;
				LD_RUNPATH_SEARCH_PATHS = "$(inherited) @executable_path/Frameworks @loader_path/Frameworks";
				PRODUCT_BUNDLE_IDENTIFIER = com.peterlafferty.LuasLifeKitTests;
				PRODUCT_NAME = "$(TARGET_NAME)";
				TEST_HOST = "$(BUILT_PRODUCTS_DIR)/LuasLife.app/LuasLife";
			};
			name = Release;
		};
		27E254E41C8225AD00CFC5AD /* Debug */ = {
			isa = XCBuildConfiguration;
			buildSettings = {
				ALWAYS_SEARCH_USER_PATHS = NO;
				CLANG_CXX_LANGUAGE_STANDARD = "gnu++0x";
				CLANG_CXX_LIBRARY = "libc++";
				CLANG_ENABLE_MODULES = YES;
				CLANG_ENABLE_OBJC_ARC = YES;
				CLANG_WARN_BOOL_CONVERSION = YES;
				CLANG_WARN_CONSTANT_CONVERSION = YES;
				CLANG_WARN_DIRECT_OBJC_ISA_USAGE = YES_ERROR;
				CLANG_WARN_EMPTY_BODY = YES;
				CLANG_WARN_ENUM_CONVERSION = YES;
				CLANG_WARN_INT_CONVERSION = YES;
				CLANG_WARN_OBJC_ROOT_CLASS = YES_ERROR;
				CLANG_WARN_UNREACHABLE_CODE = YES;
				CLANG_WARN__DUPLICATE_METHOD_MATCH = YES;
				"CODE_SIGN_IDENTITY[sdk=iphoneos*]" = "iPhone Developer";
				COPY_PHASE_STRIP = NO;
				DEBUG_INFORMATION_FORMAT = dwarf;
				ENABLE_STRICT_OBJC_MSGSEND = YES;
				ENABLE_TESTABILITY = YES;
				GCC_C_LANGUAGE_STANDARD = gnu99;
				GCC_DYNAMIC_NO_PIC = NO;
				GCC_NO_COMMON_BLOCKS = YES;
				GCC_OPTIMIZATION_LEVEL = 0;
				GCC_PREPROCESSOR_DEFINITIONS = (
					"DEBUG=1",
					"$(inherited)",
				);
				GCC_WARN_64_TO_32_BIT_CONVERSION = YES;
				GCC_WARN_ABOUT_RETURN_TYPE = YES_ERROR;
				GCC_WARN_UNDECLARED_SELECTOR = YES;
				GCC_WARN_UNINITIALIZED_AUTOS = YES_AGGRESSIVE;
				GCC_WARN_UNUSED_FUNCTION = YES;
				GCC_WARN_UNUSED_VARIABLE = YES;
				IPHONEOS_DEPLOYMENT_TARGET = 9.2;
				MTL_ENABLE_DEBUG_INFO = YES;
				ONLY_ACTIVE_ARCH = YES;
				SDKROOT = iphoneos;
				SWIFT_OPTIMIZATION_LEVEL = "-Onone";
				TARGETED_DEVICE_FAMILY = "1,2";
			};
			name = Debug;
		};
		27E254E51C8225AD00CFC5AD /* Release */ = {
			isa = XCBuildConfiguration;
			buildSettings = {
				ALWAYS_SEARCH_USER_PATHS = NO;
				CLANG_CXX_LANGUAGE_STANDARD = "gnu++0x";
				CLANG_CXX_LIBRARY = "libc++";
				CLANG_ENABLE_MODULES = YES;
				CLANG_ENABLE_OBJC_ARC = YES;
				CLANG_WARN_BOOL_CONVERSION = YES;
				CLANG_WARN_CONSTANT_CONVERSION = YES;
				CLANG_WARN_DIRECT_OBJC_ISA_USAGE = YES_ERROR;
				CLANG_WARN_EMPTY_BODY = YES;
				CLANG_WARN_ENUM_CONVERSION = YES;
				CLANG_WARN_INT_CONVERSION = YES;
				CLANG_WARN_OBJC_ROOT_CLASS = YES_ERROR;
				CLANG_WARN_UNREACHABLE_CODE = YES;
				CLANG_WARN__DUPLICATE_METHOD_MATCH = YES;
				"CODE_SIGN_IDENTITY[sdk=iphoneos*]" = "iPhone Developer";
				COPY_PHASE_STRIP = NO;
				DEBUG_INFORMATION_FORMAT = "dwarf-with-dsym";
				ENABLE_NS_ASSERTIONS = NO;
				ENABLE_STRICT_OBJC_MSGSEND = YES;
				GCC_C_LANGUAGE_STANDARD = gnu99;
				GCC_NO_COMMON_BLOCKS = YES;
				GCC_WARN_64_TO_32_BIT_CONVERSION = YES;
				GCC_WARN_ABOUT_RETURN_TYPE = YES_ERROR;
				GCC_WARN_UNDECLARED_SELECTOR = YES;
				GCC_WARN_UNINITIALIZED_AUTOS = YES_AGGRESSIVE;
				GCC_WARN_UNUSED_FUNCTION = YES;
				GCC_WARN_UNUSED_VARIABLE = YES;
				IPHONEOS_DEPLOYMENT_TARGET = 9.2;
				MTL_ENABLE_DEBUG_INFO = NO;
				SDKROOT = iphoneos;
				TARGETED_DEVICE_FAMILY = "1,2";
				VALIDATE_PRODUCT = YES;
			};
			name = Release;
		};
		27E254E71C8225AD00CFC5AD /* Debug */ = {
			isa = XCBuildConfiguration;
			buildSettings = {
				ASSETCATALOG_COMPILER_APPICON_NAME = AppIcon;
				CODE_SIGN_IDENTITY = "iPhone Developer";
				EMBEDDED_CONTENT_CONTAINS_SWIFT = YES;
				FRAMEWORK_SEARCH_PATHS = (
					"$(inherited)",
					"$(PROJECT_DIR)/Carthage/Build/iOS",
				);
				INFOPLIST_FILE = LuasLife/Info.plist;
				LD_RUNPATH_SEARCH_PATHS = "$(inherited) @executable_path/Frameworks";
				PRODUCT_BUNDLE_IDENTIFIER = com.peterlafferty.LuasLife;
				PRODUCT_NAME = "$(TARGET_NAME)";
			};
			name = Debug;
		};
		27E254E81C8225AD00CFC5AD /* Release */ = {
			isa = XCBuildConfiguration;
			buildSettings = {
				ASSETCATALOG_COMPILER_APPICON_NAME = AppIcon;
				CODE_SIGN_IDENTITY = "iPhone Developer";
				EMBEDDED_CONTENT_CONTAINS_SWIFT = YES;
				FRAMEWORK_SEARCH_PATHS = (
					"$(inherited)",
					"$(PROJECT_DIR)/Carthage/Build/iOS",
				);
				INFOPLIST_FILE = LuasLife/Info.plist;
				LD_RUNPATH_SEARCH_PATHS = "$(inherited) @executable_path/Frameworks";
				PRODUCT_BUNDLE_IDENTIFIER = com.peterlafferty.LuasLife;
				PRODUCT_NAME = "$(TARGET_NAME)";
			};
			name = Release;
		};
		27E254EA1C8225AD00CFC5AD /* Debug */ = {
			isa = XCBuildConfiguration;
			buildSettings = {
				INFOPLIST_FILE = LuasLifeUITests/Info.plist;
				LD_RUNPATH_SEARCH_PATHS = "$(inherited) @executable_path/Frameworks @loader_path/Frameworks";
				PRODUCT_BUNDLE_IDENTIFIER = com.peterlafferty.LuasLifeUITests;
				PRODUCT_NAME = "$(TARGET_NAME)";
				TEST_TARGET_NAME = LuasLife;
				USES_XCTRUNNER = YES;
			};
			name = Debug;
		};
		27E254EB1C8225AD00CFC5AD /* Release */ = {
			isa = XCBuildConfiguration;
			buildSettings = {
				INFOPLIST_FILE = LuasLifeUITests/Info.plist;
				LD_RUNPATH_SEARCH_PATHS = "$(inherited) @executable_path/Frameworks @loader_path/Frameworks";
				PRODUCT_BUNDLE_IDENTIFIER = com.peterlafferty.LuasLifeUITests;
				PRODUCT_NAME = "$(TARGET_NAME)";
				TEST_TARGET_NAME = LuasLife;
				USES_XCTRUNNER = YES;
			};
			name = Release;
		};
/* End XCBuildConfiguration section */

/* Begin XCConfigurationList section */
		27B5D6BA1C84FDAE0029280E /* Build configuration list for PBXNativeTarget "LuasLifeKit" */ = {
			isa = XCConfigurationList;
			buildConfigurations = (
				27B5D6BB1C84FDAE0029280E /* Debug */,
				27B5D6BC1C84FDAE0029280E /* Release */,
			);
			defaultConfigurationIsVisible = 0;
			defaultConfigurationName = Release;
		};
		27B5D6BE1C84FDAE0029280E /* Build configuration list for PBXNativeTarget "LuasLifeKitTests" */ = {
			isa = XCConfigurationList;
			buildConfigurations = (
				27B5D6BF1C84FDAE0029280E /* Debug */,
				27B5D6C01C84FDAE0029280E /* Release */,
			);
			defaultConfigurationIsVisible = 0;
			defaultConfigurationName = Release;
		};
		27E254C21C8225AD00CFC5AD /* Build configuration list for PBXProject "LuasLife" */ = {
			isa = XCConfigurationList;
			buildConfigurations = (
				27E254E41C8225AD00CFC5AD /* Debug */,
				27E254E51C8225AD00CFC5AD /* Release */,
			);
			defaultConfigurationIsVisible = 0;
			defaultConfigurationName = Release;
		};
		27E254E61C8225AD00CFC5AD /* Build configuration list for PBXNativeTarget "LuasLife" */ = {
			isa = XCConfigurationList;
			buildConfigurations = (
				27E254E71C8225AD00CFC5AD /* Debug */,
				27E254E81C8225AD00CFC5AD /* Release */,
			);
			defaultConfigurationIsVisible = 0;
			defaultConfigurationName = Release;
		};
		27E254E91C8225AD00CFC5AD /* Build configuration list for PBXNativeTarget "LuasLifeUITests" */ = {
			isa = XCConfigurationList;
			buildConfigurations = (
				27E254EA1C8225AD00CFC5AD /* Debug */,
				27E254EB1C8225AD00CFC5AD /* Release */,
			);
			defaultConfigurationIsVisible = 0;
			defaultConfigurationName = Release;
		};
/* End XCConfigurationList section */
	};
	rootObject = 27E254BF1C8225AD00CFC5AD /* Project object */;
}
